Microsoft Visual Studio Solution File, Format Version 12.00
# Visual Studio Version 17
VisualStudioVersion = 17.5.2.0
MinimumVisualStudioVersion = 10.0.40219.1
Project("{FAE04EC0-301F-11D3-BF4B-00C04F79EFBC}") = "u1", "u1\u1.csproj", "{621E8857-9AF0-AC85-A19F-FAEE8786538B}"
EndProject
Project("{2150E333-8FDC-42A3-9474-1A3956D46DE8}") = "u1 (1)", "u1 (1)", "{C47D63B6-C8C7-CA30-576F-0623F760A475}"
EndProject
Project("{2150E333-8FDC-42A3-9474-1A3956D46DE8}") = "Agr", "Agr", "{6CC85A3D-16FD-1821-3319-4AC21B8ADE8A}"
EndProject
Project("{FAE04EC0-301F-11D3-BF4B-00C04F79EFBC}") = "Agroisil", "u1\Agr\Agroisil.csproj", "{B8987192-CED7-676E-0E84-89BB7713768F}"
EndProject
Project("{2150E333-8FDC-42A3-9474-1A3956D46DE8}") = "Abl", "Abl", "{44324A6F-60B6-D9E7-078B-B49E1FAB8BC0}"
EndProject
Project("{FAE04EC0-301F-11D3-BF4B-00C04F79EFBC}") = "u1", "u1\Abl\u1.csproj", "{454567F6-8135-6682-5DD5-32F98A4D0F08}"
EndProject
Project("{FAE04EC0-301F-11D3-BF4B-00C04F79EFBC}") = "MathPowerCalc", "u1\MathPowerCalc\MathPowerCalc.csproj", "{6D4363A9-B31C-FD13-A070-B1B7A3E9E7CE}"
EndProject
Project("{FAE04EC0-301F-11D3-BF4B-00C04F79EFBC}") = "Awh", "u1\Awh\Awh.csproj", "{132DE779-77F9-565F-2577-7635E0482A1C}"
EndProject
Project("{FAE04EC0-301F-11D3-BF4B-00C04F79EFBC}") = "primeNums", "u1\primeNums\primeNums.csproj", "{569D374D-DA84-50E7-CC88-2C56028FA602}"
EndProject
Global
	GlobalSection(SolutionConfigurationPlatforms) = preSolution
		Debug|Any CPU = Debug|Any CPU
		Release|Any CPU = Release|Any CPU
	EndGlobalSection
	GlobalSection(ProjectConfigurationPlatforms) = postSolution
		{621E8857-9AF0-AC85-A19F-FAEE8786538B}.Debug|Any CPU.ActiveCfg = Debug|Any CPU
		{621E8857-9AF0-AC85-A19F-FAEE8786538B}.Debug|Any CPU.Build.0 = Debug|Any CPU
		{621E8857-9AF0-AC85-A19F-FAEE8786538B}.Release|Any CPU.ActiveCfg = Release|Any CPU
		{621E8857-9AF0-AC85-A19F-FAEE8786538B}.Release|Any CPU.Build.0 = Release|Any CPU
		{B8987192-CED7-676E-0E84-89BB7713768F}.Debug|Any CPU.ActiveCfg = Debug|Any CPU
		{B8987192-CED7-676E-0E84-89BB7713768F}.Debug|Any CPU.Build.0 = Debug|Any CPU
		{B8987192-CED7-676E-0E84-89BB7713768F}.Release|Any CPU.ActiveCfg = Release|Any CPU
		{B8987192-CED7-676E-0E84-89BB7713768F}.Release|Any CPU.Build.0 = Release|Any CPU
		{454567F6-8135-6682-5DD5-32F98A4D0F08}.Debug|Any CPU.ActiveCfg = Debug|Any CPU
		{454567F6-8135-6682-5DD5-32F98A4D0F08}.Debug|Any CPU.Build.0 = Debug|Any CPU
		{454567F6-8135-6682-5DD5-32F98A4D0F08}.Release|Any CPU.ActiveCfg = Release|Any CPU
		{454567F6-8135-6682-5DD5-32F98A4D0F08}.Release|Any CPU.Build.0 = Release|Any CPU
		{6D4363A9-B31C-FD13-A070-B1B7A3E9E7CE}.Debug|Any CPU.ActiveCfg = Debug|Any CPU
		{6D4363A9-B31C-FD13-A070-B1B7A3E9E7CE}.Debug|Any CPU.Build.0 = Debug|Any CPU
		{6D4363A9-B31C-FD13-A070-B1B7A3E9E7CE}.Release|Any CPU.ActiveCfg = Release|Any CPU
		{6D4363A9-B31C-FD13-A070-B1B7A3E9E7CE}.Release|Any CPU.Build.0 = Release|Any CPU
		{132DE779-77F9-565F-2577-7635E0482A1C}.Debug|Any CPU.ActiveCfg = Debug|Any CPU
		{132DE779-77F9-565F-2577-7635E0482A1C}.Debug|Any CPU.Build.0 = Debug|Any CPU
		{132DE779-77F9-565F-2577-7635E0482A1C}.Release|Any CPU.ActiveCfg = Release|Any CPU
		{132DE779-77F9-565F-2577-7635E0482A1C}.Release|Any CPU.Build.0 = Release|Any CPU
		{569D374D-DA84-50E7-CC88-2C56028FA602}.Debug|Any CPU.ActiveCfg = Debug|Any CPU
		{569D374D-DA84-50E7-CC88-2C56028FA602}.Debug|Any CPU.Build.0 = Debug|Any CPU
		{569D374D-DA84-50E7-CC88-2C56028FA602}.Release|Any CPU.ActiveCfg = Release|Any CPU
		{569D374D-DA84-50E7-CC88-2C56028FA602}.Release|Any CPU.Build.0 = Release|Any CPU
	EndGlobalSection
	GlobalSection(SolutionProperties) = preSolution
		HideSolutionNode = FALSE
	EndGlobalSection
	GlobalSection(NestedProjects) = preSolution
		{6CC85A3D-16FD-1821-3319-4AC21B8ADE8A} = {C47D63B6-C8C7-CA30-576F-0623F760A475}
		{B8987192-CED7-676E-0E84-89BB7713768F} = {6CC85A3D-16FD-1821-3319-4AC21B8ADE8A}
		{44324A6F-60B6-D9E7-078B-B49E1FAB8BC0} = {C47D63B6-C8C7-CA30-576F-0623F760A475}
		{454567F6-8135-6682-5DD5-32F98A4D0F08} = {44324A6F-60B6-D9E7-078B-B49E1FAB8BC0}
		{6D4363A9-B31C-FD13-A070-B1B7A3E9E7CE} = {C47D63B6-C8C7-CA30-576F-0623F760A475}
		{132DE779-77F9-565F-2577-7635E0482A1C} = {C47D63B6-C8C7-CA30-576F-0623F760A475}
		{569D374D-DA84-50E7-CC88-2C56028FA602} = {C47D63B6-C8C7-CA30-576F-0623F760A475}
	EndGlobalSection
	GlobalSection(ExtensibilityGlobals) = postSolution
		SolutionGuid = {3A79584F-32C9-482D-A2D2-D771E65123E2}
	EndGlobalSection
EndGlobal
